
Microsoft Visual Studio Solution File, Format Version 12.00
# Visual Studio Version 16
VisualStudioVersion = 16.0.30523.141
MinimumVisualStudioVersion = 10.0.40219.1
Project("{9A19103F-16F7-4668-BE54-9A1E7A4F7556}") = "KWSAdminApplication", "KWSAdmin\KWSAdminApplication.csproj", "{CC5A709C-A1BB-43BF-A30B-7F935E16E921}"
EndProject
Project("{9A19103F-16F7-4668-BE54-9A1E7A4F7556}") = "KWSAdmin.Persistence", "DAL\KWSAdmin.Persistence.csproj", "{FDF81AF7-60D7-4677-B3AD-F27C1B951676}"
EndProject
Project("{9A19103F-16F7-4668-BE54-9A1E7A4F7556}") = "View", "View\View.csproj", "{87EB42C5-1FBB-4873-9DED-397FE7619472}"
EndProject
Project("{9A19103F-16F7-4668-BE54-9A1E7A4F7556}") = "KWSAdmin.persistence.Interface1", "Interface\KWSAdmin.persistence.Interface1.csproj", "{8FBD94F5-1EE6-4823-A9AD-C8D264309B43}"
EndProject
Project("{9A19103F-16F7-4668-BE54-9A1E7A4F7556}") = "KWSAdmin.DALFactory1", "Factory\KWSAdmin.DALFactory1.csproj", "{42D3C524-9831-4A57-B99C-51AC60BFC531}"
EndProject
Project("{FAE04EC0-301F-11D3-BF4B-00C04F79EFBC}") = "KWSAdmin.Persistence.Interface", "KWSAdmin.Persistence.Interface\KWSAdmin.Persistence.Interface.csproj", "{339D3D65-2444-429B-805F-0C750F7F842B}"
EndProject
Project("{FAE04EC0-301F-11D3-BF4B-00C04F79EFBC}") = "KWSAdmin.DALFactory", "KWSAdmin.DALFactory\KWSAdmin.DALFactory.csproj", "{817BBE20-91AE-4D0C-AF72-321B30E546EF}"
EndProject
Global
	GlobalSection(SolutionConfigurationPlatforms) = preSolution
		Debug|Any CPU = Debug|Any CPU
		Release|Any CPU = Release|Any CPU
	EndGlobalSection
	GlobalSection(ProjectConfigurationPlatforms) = postSolution
		{CC5A709C-A1BB-43BF-A30B-7F935E16E921}.Debug|Any CPU.ActiveCfg = Debug|Any CPU
		{CC5A709C-A1BB-43BF-A30B-7F935E16E921}.Debug|Any CPU.Build.0 = Debug|Any CPU
		{CC5A709C-A1BB-43BF-A30B-7F935E16E921}.Release|Any CPU.ActiveCfg = Release|Any CPU
		{CC5A709C-A1BB-43BF-A30B-7F935E16E921}.Release|Any CPU.Build.0 = Release|Any CPU
		{FDF81AF7-60D7-4677-B3AD-F27C1B951676}.Debug|Any CPU.ActiveCfg = Debug|Any CPU
		{FDF81AF7-60D7-4677-B3AD-F27C1B951676}.Debug|Any CPU.Build.0 = Debug|Any CPU
		{FDF81AF7-60D7-4677-B3AD-F27C1B951676}.Release|Any CPU.ActiveCfg = Release|Any CPU
		{FDF81AF7-60D7-4677-B3AD-F27C1B951676}.Release|Any CPU.Build.0 = Release|Any CPU
		{87EB42C5-1FBB-4873-9DED-397FE7619472}.Debug|Any CPU.ActiveCfg = Debug|Any CPU
		{87EB42C5-1FBB-4873-9DED-397FE7619472}.Debug|Any CPU.Build.0 = Debug|Any CPU
		{87EB42C5-1FBB-4873-9DED-397FE7619472}.Release|Any CPU.ActiveCfg = Release|Any CPU
		{87EB42C5-1FBB-4873-9DED-397FE7619472}.Release|Any CPU.Build.0 = Release|Any CPU
		{8FBD94F5-1EE6-4823-A9AD-C8D264309B43}.Debug|Any CPU.ActiveCfg = Debug|Any CPU
		{8FBD94F5-1EE6-4823-A9AD-C8D264309B43}.Debug|Any CPU.Build.0 = Debug|Any CPU
		{8FBD94F5-1EE6-4823-A9AD-C8D264309B43}.Release|Any CPU.ActiveCfg = Release|Any CPU
		{8FBD94F5-1EE6-4823-A9AD-C8D264309B43}.Release|Any CPU.Build.0 = Release|Any CPU
		{42D3C524-9831-4A57-B99C-51AC60BFC531}.Debug|Any CPU.ActiveCfg = Debug|Any CPU
		{42D3C524-9831-4A57-B99C-51AC60BFC531}.Debug|Any CPU.Build.0 = Debug|Any CPU
		{42D3C524-9831-4A57-B99C-51AC60BFC531}.Release|Any CPU.ActiveCfg = Release|Any CPU
		{42D3C524-9831-4A57-B99C-51AC60BFC531}.Release|Any CPU.Build.0 = Release|Any CPU
		{339D3D65-2444-429B-805F-0C750F7F842B}.Debug|Any CPU.ActiveCfg = Debug|Any CPU
		{339D3D65-2444-429B-805F-0C750F7F842B}.Debug|Any CPU.Build.0 = Debug|Any CPU
		{339D3D65-2444-429B-805F-0C750F7F842B}.Release|Any CPU.ActiveCfg = Release|Any CPU
		{339D3D65-2444-429B-805F-0C750F7F842B}.Release|Any CPU.Build.0 = Release|Any CPU
		{817BBE20-91AE-4D0C-AF72-321B30E546EF}.Debug|Any CPU.ActiveCfg = Debug|Any CPU
		{817BBE20-91AE-4D0C-AF72-321B30E546EF}.Debug|Any CPU.Build.0 = Debug|Any CPU
		{817BBE20-91AE-4D0C-AF72-321B30E546EF}.Release|Any CPU.ActiveCfg = Release|Any CPU
		{817BBE20-91AE-4D0C-AF72-321B30E546EF}.Release|Any CPU.Build.0 = Release|Any CPU
	EndGlobalSection
	GlobalSection(SolutionProperties) = preSolution
		HideSolutionNode = FALSE
	EndGlobalSection
	GlobalSection(ExtensibilityGlobals) = postSolution
		SolutionGuid = {8F497FF3-14AC-4A6D-B386-8F44042663AA}
	EndGlobalSection
EndGlobal
